PODS:
  - Alamofire (3.5.1)
  - Crashlytics (3.8.6):
    - Fabric (~> 1.6.3)
  - Fabric (1.6.13)
  - FoldingCell (0.7.3)
  - GoogleMaps (2.4.0):
    - GoogleMaps/Maps (= 2.4.0)
  - GoogleMaps/Base (2.4.0)
  - GoogleMaps/Maps (2.4.0):
    - GoogleMaps/Base
  - RxCocoa (2.6.1):
    - RxSwift (~> 2.6)
  - RxSwift (2.6.1)
  - SwiftyJSON (4.0.0-alpha.1)

DEPENDENCIES:
  - Alamofire (~> 3.0)
  - Crashlytics
  - Fabric
  - FoldingCell (~> 0.7.3)
  - GoogleMaps
  - RxCocoa (~> 2.1)
  - RxSwift (~> 2.1)
  - SwiftyJSON (from `https://github.com/SwiftyJSON/SwiftyJSON.git`)

EXTERNAL SOURCES:
  SwiftyJSON:
    :git: https://github.com/SwiftyJSON/SwiftyJSON.git

CHECKOUT OPTIONS:
  SwiftyJSON:
    :commit: 4e117f4709e239bfa19dcdcce1b077be88f956b2
    :git: https://github.com/SwiftyJSON/SwiftyJSON.git

SPEC CHECKSUMS:
  Alamofire: 0dfba1184a543e2aa160f4e39cac4e8aba48d223
  Crashlytics: 95d05f4e4c19a771250c4bd9ce344d996de32bbf
  Fabric: 2fb5676bc811af011a04513451f463dac6803206
  FoldingCell: 8d7674d9ff51ae40408b99a17798bc0ec20a3654
  GoogleMaps: 8436ab5d1c25e36915b2f7416d0c8e3fa2e76c61
  RxCocoa: 3bb2820fd2a1ba48a70d38926bec0803838ae802
  RxSwift: 0147fbf94e65c6085da9540de92848189ac1c3f6
  SwiftyJSON: c4d27c2ca659d5c91460cd17cc60fd212b26074d

PODFILE CHECKSUM: 2e512c75b9b381d4e7789dbbf66d515cbe0f1b9b

COCOAPODS: 1.3.1
